Microsoft Visual Studio Solution File, Format Version 12.00
# Visual Studio Version 17
VisualStudioVersion = 17.5.2.0
MinimumVisualStudioVersion = 10.0.40219.1
Project("{FAE04EC0-301F-11D3-BF4B-00C04F79EFBC}") = "EC 1 - BRAYAN DIAZ", "EC 1 - BRAYAN DIAZ.csproj", "{19E0D210-61FB-8256-AF05-6EABD77FC8BE}"
EndProject
Global
	GlobalSection(SolutionConfigurationPlatforms) = preSolution
		Debug|Any CPU = Debug|Any CPU
		Release|Any CPU = Release|Any CPU
	EndGlobalSection
	GlobalSection(ProjectConfigurationPlatforms) = postSolution
		{19E0D210-61FB-8256-AF05-6EABD77FC8BE}.Debug|Any CPU.ActiveCfg = Debug|Any CPU
		{19E0D210-61FB-8256-AF05-6EABD77FC8BE}.Debug|Any CPU.Build.0 = Debug|Any CPU
		{19E0D210-61FB-8256-AF05-6EABD77FC8BE}.Release|Any CPU.ActiveCfg = Release|Any CPU
		{19E0D210-61FB-8256-AF05-6EABD77FC8BE}.Release|Any CPU.Build.0 = Release|Any CPU
	EndGlobalSection
	GlobalSection(SolutionProperties) = preSolution
		HideSolutionNode = FALSE
	EndGlobalSection
	GlobalSection(ExtensibilityGlobals) = postSolution
		SolutionGuid = {1AC1ADC8-8352-45A2-ACC5-55416B9EA993}
	EndGlobalSection
EndGlobal
